<?xml version="1.0" encoding="utf-8"?>
<Project ToolsVersion="4.0" xmlns="http://schemas.microsoft.com/developer/msbuild/2003">
  <ItemGroup>
    <Filter Include="Source Files">
      <UniqueIdentifier>{4FC737F1-C7A5-4376-A066-2A32D752A2FF}</UniqueIdentifier>
      <Extensions>cpp;c;cc;cxx;def;odl;idl;hpj;bat;asm;asmx</Extensions>
    </Filter>
    <Filter Include="Header Files">
      <UniqueIdentifier>{93995380-89BD-4b04-88EB-625FBE52EBFB}</UniqueIdentifier>
      <Extensions>h;hh;hpp;hxx;hm;inl;inc;xsd</Extensions>
    </Filter>
    <Filter Include="Resource Files">
      <UniqueIdentifier>{67DA6AB6-F800-4c08-8B7A-83BB121AAD01}</UniqueIdentifier>
      <Extensions>rc;ico;cur;bmp;dlg;rc2;rct;bin;rgs;gif;jpg;jpeg;jpe;resx;tiff;tif;png;wav;mfcribbon-ms</Extensions>
    </Filter>
  </ItemGroup>
  <ItemGroup>
    <ClCompile Include="..\cli-miner.cpp">
      <Filter>Source Files</Filter>
    </ClCompile>
    <ClCompile Include="..\console.cpp">
      <Filter>Source Files</Filter>
    </ClCompile>
    <ClCompile Include="..\executor.cpp">
      <Filter>Source Files</Filter>
    </ClCompile>
    <ClCompile Include="..\httpd.cpp">
      <Filter>Source Files</Filter>
    </ClCompile>
    <ClCompile Include="..\jconf.cpp">
      <Filter>Source Files</Filter>
    </ClCompile>
    <ClCompile Include="..\jpsock.cpp">
      <Filter>Source Files</Filter>
    </ClCompile>
    <ClCompile Include="..\minethd.cpp">
      <Filter>Source Files</Filter>
    </ClCompile>
    <ClCompile Include="..\socket.cpp">
      <Filter>Source Files</Filter>
    </ClCompile>
    <ClCompile Include="..\webdesign.cpp">
      <Filter>Source Files</Filter>
    </ClCompile>
    <ClCompile Include="..\crypto\c_blake256.c">
      <Filter>Source Files</Filter>
    </ClCompile>
    <ClCompile Include="..\crypto\c_groestl.c">
      <Filter>Source Files</Filter>
    </ClCompile>
    <ClCompile Include="..\crypto\c_jh.c">
      <Filter>Source Files</Filter>
    </ClCompile>
    <ClCompile Include="..\crypto\c_keccak.c">
      <Filter>Source Files</Filter>
    </ClCompile>
    <ClCompile Include="..\crypto\c_skein.c">
      <Filter>Source Files</Filter>
    </ClCompile>
    <ClCompile Include="..\crypto\soft_aes.c">
      <Filter>Source Files</Filter>
    </ClCompile>
    <ClCompile Include="..\crypto\cryptonight_common.cpp">
      <Filter>Source Files</Filter>
    </ClCompile>
  </ItemGroup>
  <ItemGroup>
    <ClInclude Include="..\crypto\c_blake256.h">
      <Filter>Header Files</Filter>
    </ClInclude>
    <ClInclude Include="..\crypto\c_jh.h">
      <Filter>Header Files</Filter>
    </ClInclude>
    <ClInclude Include="..\crypto\c_keccak.h">
      <Filter>Header Files</Filter>
    </ClInclude>
    <ClInclude Include="..\crypto\c_skein.h">
      <Filter>Header Files</Filter>
    </ClInclude>
    <ClInclude Include="..\crypto\cryptonight.h">
      <Filter>Header Files</Filter>
    </ClInclude>
    <ClInclude Include="..\crypto\cryptonight_aesni.h">
      <Filter>Header Files</Filter>
    </ClInclude>
    <ClInclude Include="..\crypto\groestl_tables.h">
      <Filter>Header Files</Filter>
    </ClInclude>
    <ClInclude Include="..\crypto\hash.h">
      <Filter>Header Files</Filter>
    </ClInclude>
    <ClInclude Include="..\crypto\int-util.h">
      <Filter>Header Files</Filter>
    </ClInclude>
    <ClInclude Include="..\crypto\skein_port.h">
      <Filter>Header Files</Filter>
    </ClInclude>
    <ClInclude Include="..\console.h">
      <Filter>Header Files</Filter>
    </ClInclude>
    <ClInclude Include="..\executor.h">
      <Filter>Header Files</Filter>
    </ClInclude>
    <ClInclude Include="..\httpd.h">
      <Filter>Header Files</Filter>
    </ClInclude>
    <ClInclude Include="..\jconf.h">
      <Filter>Header Files</Filter>
    </ClInclude>
    <ClInclude Include="..\jext.h">
      <Filter>Header Files</Filter>
    </ClInclude>
    <ClInclude Include="..\jpsock.h">
      <Filter>Header Files</Filter>
    </ClInclude>
    <ClInclude Include="..\minethd.h">
      <Filter>Header Files</Filter>
    </ClInclude>
    <ClInclude Include="..\msgstruct.h">
      <Filter>Header Files</Filter>
    </ClInclude>
    <ClInclude Include="..\socket.h">
      <Filter>Header Files</Filter>
    </ClInclude>
    <ClInclude Include="..\socks.h">
      <Filter>Header Files</Filter>
    </ClInclude>
    <ClInclude Include="..\thdq.hpp">
      <Filter>Header Files</Filter>
    </ClInclude>
    <ClInclude Include="..\webdesign.h">
      <Filter>Header Files</Filter>
    </ClInclude>
  </ItemGroup>
</Project>